// !$*UTF8*$!
{
	archiveVersion = 1;
	classes = {
	};
	objectVersion = 77;
	objects = {

/* Begin PBXBuildFile section */
		4A8676172EFC9DB0002C7C83 /* brz_parser.c in Sources */ = {isa = PBXBuildFile; fileRef = 4A86760F2EFC9DB0002C7C83 /* brz_parser.c */; };
		4A8676182EFC9DB0002C7C83 /* brz_kinds.c in Sources */ = {isa = PBXBuildFile; fileRef = 4A86760D2EFC9DB0002C7C83 /* brz_kinds.c */; };
		4A8676192EFC9DB0002C7C83 /* main.c in Sources */ = {isa = PBXBuildFile; fileRef = 4A8676162EFC9DB0002C7C83 /* main.c */; };
		4A86761A2EFC9DB0002C7C83 /* brz_dsl.c in Sources */ = {isa = PBXBuildFile; fileRef = 4A86760B2EFC9DB0002C7C83 /* brz_dsl.c */; };
		4A86761B2EFC9DB0002C7C83 /* brz_sim.c in Sources */ = {isa = PBXBuildFile; fileRef = 4A8676112EFC9DB0002C7C83 /* brz_sim.c */; };
		4A86761C2EFC9DB0002C7C83 /* brz_util.c in Sources */ = {isa = PBXBuildFile; fileRef = 4A8676132EFC9DB0002C7C83 /* brz_util.c */; };
		4A86761D2EFC9DB0002C7C83 /* brz_vec.c in Sources */ = {isa = PBXBuildFile; fileRef = 4A8676152EFC9DB0002C7C83 /* brz_vec.c */; };
		4AF899D62F00A8290069B74A /* brz_world.c in Sources */ = {isa = PBXBuildFile; fileRef = 4AF899D52F00A8290069B74A /* brz_world.c */; };
		4AF899D72F00A8290069B74A /* brz_agent.c in Sources */ = {isa = PBXBuildFile; fileRef = 4AF899D02F00A8290069B74A /* brz_agent.c */; };
		4AF899D82F00A8290069B74A /* brz_settlement.c in Sources */ = {isa = PBXBuildFile; fileRef = 4AF899D22F00A8290069B74A /* brz_settlement.c */; };
		4AF899D92F00A8290069B74A /* brz_land.c in Sources */ = {isa = PBXBuildFile; fileRef = 4AF899DA2F00A8290069B74A /* brz_land.c */; };
/* End PBXBuildFile section */

/* Begin PBXCopyFilesBuildPhase section */
		4A8675FE2EFC9D86002C7C83 /* CopyFiles */ = {
			isa = PBXCopyFilesBuildPhase;
			buildActionMask = 2147483647;
			dstPath = /usr/share/man/man1/;
			dstSubfolderSpec = 0;
			files = (
			);
			runOnlyForDeploymentPostprocessing = 1;
		};
/* End PBXCopyFilesBuildPhase section */

/* Begin PBXFileReference section */
		4A8676002EFC9D86002C7C83 /* bronzesim-mac */ = {isa = PBXFileReference; explicitFileType = "compiled.mach-o.executable"; includeInIndex = 0; path = "bronzesim-mac"; sourceTree = BUILT_PRODUCTS_DIR; };
		4A86760A2EFC9DB0002C7C83 /* brz_dsl.h */ = {isa = PBXFileReference; lastKnownFileType = sourcecode.c.h; name = brz_dsl.h; path = ../src/brz_dsl.h; sourceTree = SOURCE_ROOT; };
		4A86760B2EFC9DB0002C7C83 /* brz_dsl.c */ = {isa = PBXFileReference; lastKnownFileType = sourcecode.c.c; name = brz_dsl.c; path = ../src/brz_dsl.c; sourceTree = SOURCE_ROOT; };
		4A86760C2EFC9DB0002C7C83 /* brz_kinds.h */ = {isa = PBXFileReference; lastKnownFileType = sourcecode.c.h; name = brz_kinds.h; path = ../src/brz_kinds.h; sourceTree = SOURCE_ROOT; };
		4A86760D2EFC9DB0002C7C83 /* brz_kinds.c */ = {isa = PBXFileReference; lastKnownFileType = sourcecode.c.c; name = brz_kinds.c; path = ../src/brz_kinds.c; sourceTree = SOURCE_ROOT; };
		4A86760E2EFC9DB0002C7C83 /* brz_parser.h */ = {isa = PBXFileReference; lastKnownFileType = sourcecode.c.h; name = brz_parser.h; path = ../src/brz_parser.h; sourceTree = SOURCE_ROOT; };
		4A86760F2EFC9DB0002C7C83 /* brz_parser.c */ = {isa = PBXFileReference; lastKnownFileType = sourcecode.c.c; name = brz_parser.c; path = ../src/brz_parser.c; sourceTree = SOURCE_ROOT; };
		4A8676102EFC9DB0002C7C83 /* brz_sim.h */ = {isa = PBXFileReference; lastKnownFileType = sourcecode.c.h; name = brz_sim.h; path = ../src/brz_sim.h; sourceTree = SOURCE_ROOT; };
		4A8676112EFC9DB0002C7C83 /* brz_sim.c */ = {isa = PBXFileReference; lastKnownFileType = sourcecode.c.c; name = brz_sim.c; path = ../src/brz_sim.c; sourceTree = SOURCE_ROOT; };
		4A8676122EFC9DB0002C7C83 /* brz_util.h */ = {isa = PBXFileReference; lastKnownFileType = sourcecode.c.h; name = brz_util.h; path = ../src/brz_util.h; sourceTree = SOURCE_ROOT; };
		4A8676132EFC9DB0002C7C83 /* brz_util.c */ = {isa = PBXFileReference; lastKnownFileType = sourcecode.c.c; name = brz_util.c; path = ../src/brz_util.c; sourceTree = SOURCE_ROOT; };
		4A8676142EFC9DB0002C7C83 /* brz_vec.h */ = {isa = PBXFileReference; lastKnownFileType = sourcecode.c.h; name = brz_vec.h; path = ../src/brz_vec.h; sourceTree = SOURCE_ROOT; };
		4A8676152EFC9DB0002C7C83 /* brz_vec.c */ = {isa = PBXFileReference; lastKnownFileType = sourcecode.c.c; name = brz_vec.c; path = ../src/brz_vec.c; sourceTree = SOURCE_ROOT; };
		4A8676162EFC9DB0002C7C83 /* main.c */ = {isa = PBXFileReference; lastKnownFileType = sourcecode.c.c; name = main.c; path = ../src/main.c; sourceTree = SOURCE_ROOT; };
		4AF899CF2F00A8290069B74A /* brz_agent.h */ = {isa = PBXFileReference; lastKnownFileType = sourcecode.c.h; name = brz_agent.h; path = ../src/brz_agent.h; sourceTree = SOURCE_ROOT; };
		4AF899D02F00A8290069B74A /* brz_agent.c */ = {isa = PBXFileReference; lastKnownFileType = sourcecode.c.c; name = brz_agent.c; path = ../src/brz_agent.c; sourceTree = SOURCE_ROOT; };
		4AF899D12F00A8290069B74A /* brz_settlement.h */ = {isa = PBXFileReference; lastKnownFileType = sourcecode.c.h; name = brz_settlement.h; path = ../src/brz_settlement.h; sourceTree = SOURCE_ROOT; };
		4AF899D22F00A8290069B74A /* brz_settlement.c */ = {isa = PBXFileReference; lastKnownFileType = sourcecode.c.c; name = brz_settlement.c; path = ../src/brz_settlement.c; sourceTree = SOURCE_ROOT; };
		4AF899D32F00A8290069B74A /* brz_types.h */ = {isa = PBXFileReference; lastKnownFileType = sourcecode.c.h; name = brz_types.h; path = ../src/brz_types.h; sourceTree = SOURCE_ROOT; };
		4AF899D42F00A8290069B74A /* brz_world.h */ = {isa = PBXFileReference; lastKnownFileType = sourcecode.c.h; name = brz_world.h; path = ../src/brz_world.h; sourceTree = SOURCE_ROOT; };
		4AF899D52F00A8290069B74A /* brz_world.c */ = {isa = PBXFileReference; lastKnownFileType = sourcecode.c.c; name = brz_world.c; path = ../src/brz_world.c; sourceTree = SOURCE_ROOT; };
		4AF899DA2F00A8290069B74A /* brz_land.c */ = {isa = PBXFileReference; lastKnownFileType = sourcecode.c.c; name = brz_land.c; path = ../src/brz_land.c; sourceTree = SOURCE_ROOT; };
/* End PBXFileReference section */

/* Begin PBXFileSystemSynchronizedRootGroup section */
		4A8676022EFC9D86002C7C83 /* bronzesim-mac */ = {
			isa = PBXFileSystemSynchronizedRootGroup;
			path = "bronzesim-mac";
			sourceTree = "<group>";
		};
/* End PBXFileSystemSynchronizedRootGroup section */

/* Begin PBXFrameworksBuildPhase section */
		4A8675FD2EFC9D86002C7C83 /* Frameworks */ = {
			isa = PBXFrameworksBuildPhase;
			buildActionMask = 2147483647;
			files = (
			);
			runOnlyForDeploymentPostprocessing = 0;
		};
/* End PBXFrameworksBuildPhase section */

/* Begin PBXGroup section */
		4A8675F72EFC9D86002C7C83 = {
			isa = PBXGroup;
			children = (
				4AF899CF2F00A8290069B74A /* brz_agent.h */,
				4AF899D02F00A8290069B74A /* brz_agent.c */,
				4AF899D12F00A8290069B74A /* brz_settlement.h */,
				4AF899D22F00A8290069B74A /* brz_settlement.c */,
				4AF899D32F00A8290069B74A /* brz_types.h */,
				4AF899D42F00A8290069B74A /* brz_world.h */,
				4AF899D52F00A8290069B74A /* brz_world.c */,
				4AF899DA2F00A8290069B74A /* brz_land.c */,
				4A86760A2EFC9DB0002C7C83 /* brz_dsl.h */,
				4A86760B2EFC9DB0002C7C83 /* brz_dsl.c */,
				4A86760C2EFC9DB0002C7C83 /* brz_kinds.h */,
				4A86760D2EFC9DB0002C7C83 /* brz_kinds.c */,
				4A86760E2EFC9DB0002C7C83 /* brz_parser.h */,
				4A86760F2EFC9DB0002C7C83 /* brz_parser.c */,
				4A8676102EFC9DB0002C7C83 /* brz_sim.h */,
				4A8676112EFC9DB0002C7C83 /* brz_sim.c */,
				4A8676122EFC9DB0002C7C83 /* brz_util.h */,
				4A8676132EFC9DB0002C7C83 /* brz_util.c */,
				4A8676142EFC9DB0002C7C83 /* brz_vec.h */,
				4A8676152EFC9DB0002C7C83 /* brz_vec.c */,
				4A8676162EFC9DB0002C7C83 /* main.c */,
				4A8676022EFC9D86002C7C83 /* bronzesim-mac */,
				4A8676012EFC9D86002C7C83 /* Products */,
			);
			sourceTree = "<group>";
		};
		4A8676012EFC9D86002C7C83 /* Products */ = {
			isa = PBXGroup;
			children = (
				4A8676002EFC9D86002C7C83 /* bronzesim-mac */,
			);
			name = Products;
			sourceTree = "<group>";
		};
/* End PBXGroup section */

/* Begin PBXNativeTarget section */
		4A8675FF2EFC9D86002C7C83 /* bronzesim-mac */ = {
			isa = PBXNativeTarget;
			buildConfigurationList = 4A8676072EFC9D86002C7C83 /* Build configuration list for PBXNativeTarget "bronzesim-mac" */;
			buildPhases = (
				4A8675FC2EFC9D86002C7C83 /* Sources */,
				4A8675FD2EFC9D86002C7C83 /* Frameworks */,
				4A8675FE2EFC9D86002C7C83 /* CopyFiles */,
			);
			buildRules = (
			);
			dependencies = (
			);
			fileSystemSynchronizedGroups = (
				4A8676022EFC9D86002C7C83 /* bronzesim-mac */,
			);
			name = "bronzesim-mac";
			packageProductDependencies = (
			);
			productName = "bronzesim-mac";
			productReference = 4A8676002EFC9D86002C7C83 /* bronzesim-mac */;
			productType = "com.apple.product-type.tool";
		};
/* End PBXNativeTarget section */

/* Begin PBXProject section */
		4A8675F82EFC9D86002C7C83 /* Project object */ = {
			isa = PBXProject;
			attributes = {
				BuildIndependentTargetsInParallel = 1;
				LastUpgradeCheck = 2620;
				TargetAttributes = {
					4A8675FF2EFC9D86002C7C83 = {
						CreatedOnToolsVersion = 26.2;
					};
				};
			};
			buildConfigurationList = 4A8675FB2EFC9D86002C7C83 /* Build configuration list for PBXProject "bronzesim-mac" */;
			developmentRegion = en;
			hasScannedForEncodings = 0;
			knownRegions = (
				en,
				Base,
			);
			mainGroup = 4A8675F72EFC9D86002C7C83;
			minimizedProjectReferenceProxies = 1;
			preferredProjectObjectVersion = 77;
			productRefGroup = 4A8676012EFC9D86002C7C83 /* Products */;
			projectDirPath = "";
			projectRoot = "";
			targets = (
				4A8675FF2EFC9D86002C7C83 /* bronzesim-mac */,
			);
		};
/* End PBXProject section */

/* Begin PBXSourcesBuildPhase section */
		4A8675FC2EFC9D86002C7C83 /* Sources */ = {
			isa = PBXSourcesBuildPhase;
			buildActionMask = 2147483647;
			files = (
				4A8676172EFC9DB0002C7C83 /* brz_parser.c in Sources */,
				4A8676182EFC9DB0002C7C83 /* brz_kinds.c in Sources */,
				4A8676192EFC9DB0002C7C83 /* main.c in Sources */,
				4A86761A2EFC9DB0002C7C83 /* brz_dsl.c in Sources */,
				4AF899D62F00A8290069B74A /* brz_world.c in Sources */,
				4AF899D92F00A8290069B74A /* brz_land.c in Sources */,
				4AF899D72F00A8290069B74A /* brz_agent.c in Sources */,
				4AF899D82F00A8290069B74A /* brz_settlement.c in Sources */,
				4A86761B2EFC9DB0002C7C83 /* brz_sim.c in Sources */,
				4A86761C2EFC9DB0002C7C83 /* brz_util.c in Sources */,
				4A86761D2EFC9DB0002C7C83 /* brz_vec.c in Sources */,
			);
			runOnlyForDeploymentPostprocessing = 0;
		};
/* End PBXSourcesBuildPhase section */

/* Begin XCBuildConfiguration section */
		4A8676052EFC9D86002C7C83 /* Debug */ = {
			isa = XCBuildConfiguration;
			buildSettings = {
				ALWAYS_SEARCH_USER_PATHS = NO;
				ASSETCATALOG_COMPILER_GENERATE_SWIFT_ASSET_SYMBOL_EXTENSIONS = YES;
				CLANG_ANALYZER_NONNULL = YES;
				CLANG_ANALYZER_NUMBER_OBJECT_CONVERSION = YES_AGGRESSIVE;
				CLANG_CXX_LANGUAGE_STANDARD = "gnu++20";
				CLANG_ENABLE_MODULES = YES;
				CLANG_ENABLE_OBJC_ARC = YES;
				CLANG_ENABLE_OBJC_WEAK = YES;
				CLANG_WARN_BLOCK_CAPTURE_AUTORELEASING = YES;
				CLANG_WARN_BOOL_CONVERSION = YES;
				CLANG_WARN_COMMA = YES;
				CLANG_WARN_CONSTANT_CONVERSION = YES;
				CLANG_WARN_DEPRECATED_OBJC_IMPLEMENTATIONS = YES;
				CLANG_WARN_DIRECT_OBJC_ISA_USAGE = YES_ERROR;
				CLANG_WARN_DOCUMENTATION_COMMENTS = YES;
				CLANG_WARN_EMPTY_BODY = YES;
				CLANG_WARN_ENUM_CONVERSION = YES;
				CLANG_WARN_INFINITE_RECURSION = YES;
				CLANG_WARN_INT_CONVERSION = YES;
				CLANG_WARN_NON_LITERAL_NULL_CONVERSION = YES;
				CLANG_WARN_OBJC_IMPLICIT_RETAIN_SELF = YES;
				CLANG_WARN_OBJC_LITERAL_CONVERSION = YES;
				CLANG_WARN_OBJC_ROOT_CLASS = YES_ERROR;
				CLANG_WARN_QUOTED_INCLUDE_IN_FRAMEWORK_HEADER = YES;
				CLANG_WARN_RANGE_LOOP_ANALYSIS = YES;
				CLANG_WARN_STRICT_PROTOTYPES = YES;
				CLANG_WARN_SUSPICIOUS_MOVE = YES;
				CLANG_WARN_UNGUARDED_AVAILABILITY = YES_AGGRESSIVE;
				CLANG_WARN_UNREACHABLE_CODE = YES;
				CLANG_WARN__DUPLICATE_METHOD_MATCH = YES;
				COPY_PHASE_STRIP = NO;
				DEBUG_INFORMATION_FORMAT = dwarf;
				ENABLE_STRICT_OBJC_MSGSEND = YES;
				ENABLE_TESTABILITY = YES;
				ENABLE_USER_SCRIPT_SANDBOXING = YES;
				GCC_C_LANGUAGE_STANDARD = gnu17;
				GCC_DYNAMIC_NO_PIC = NO;
				GCC_NO_COMMON_BLOCKS = YES;
				GCC_OPTIMIZATION_LEVEL = 0;
				GCC_PREPROCESSOR_DEFINITIONS = (
					"DEBUG=1",
					"$(inherited)",
				);
				GCC_WARN_64_TO_32_BIT_CONVERSION = YES;
				GCC_WARN_ABOUT_RETURN_TYPE = YES_ERROR;
				GCC_WARN_UNDECLARED_SELECTOR = YES;
				GCC_WARN_UNINITIALIZED_AUTOS = YES_AGGRESSIVE;
				GCC_WARN_UNUSED_FUNCTION = YES;
				GCC_WARN_UNUSED_VARIABLE = YES;
				LOCALIZATION_PREFERS_STRING_CATALOGS = YES;
				MACOSX_DEPLOYMENT_TARGET = 26.2;
				MTL_ENABLE_DEBUG_INFO = INCLUDE_SOURCE;
				MTL_FAST_MATH = YES;
				ONLY_ACTIVE_ARCH = YES;
				SDKROOT = macosx;
			};
			name = Debug;
		};
		4A8676062EFC9D86002C7C83 /* Release */ = {
			isa = XCBuildConfiguration;
			buildSettings = {
				ALWAYS_SEARCH_USER_PATHS = NO;
				ASSETCATALOG_COMPILER_GENERATE_SWIFT_ASSET_SYMBOL_EXTENSIONS = YES;
				CLANG_ANALYZER_NONNULL = YES;
				CLANG_ANALYZER_NUMBER_OBJECT_CONVERSION = YES_AGGRESSIVE;
				CLANG_CXX_LANGUAGE_STANDARD = "gnu++20";
				CLANG_ENABLE_MODULES = YES;
				CLANG_ENABLE_OBJC_ARC = YES;
				CLANG_ENABLE_OBJC_WEAK = YES;
				CLANG_WARN_BLOCK_CAPTURE_AUTORELEASING = YES;
				CLANG_WARN_BOOL_CONVERSION = YES;
				CLANG_WARN_COMMA = YES;
				CLANG_WARN_CONSTANT_CONVERSION = YES;
				CLANG_WARN_DEPRECATED_OBJC_IMPLEMENTATIONS = YES;
				CLANG_WARN_DIRECT_OBJC_ISA_USAGE = YES_ERROR;
				CLANG_WARN_DOCUMENTATION_COMMENTS = YES;
				CLANG_WARN_EMPTY_BODY = YES;
				CLANG_WARN_ENUM_CONVERSION = YES;
				CLANG_WARN_INFINITE_RECURSION = YES;
				CLANG_WARN_INT_CONVERSION = YES;
				CLANG_WARN_NON_LITERAL_NULL_CONVERSION = YES;
				CLANG_WARN_OBJC_IMPLICIT_RETAIN_SELF = YES;
				CLANG_WARN_OBJC_LITERAL_CONVERSION = YES;
				CLANG_WARN_OBJC_ROOT_CLASS = YES_ERROR;
				CLANG_WARN_QUOTED_INCLUDE_IN_FRAMEWORK_HEADER = YES;
				CLANG_WARN_RANGE_LOOP_ANALYSIS = YES;
				CLANG_WARN_STRICT_PROTOTYPES = YES;
				CLANG_WARN_SUSPICIOUS_MOVE = YES;
				CLANG_WARN_UNGUARDED_AVAILABILITY = YES_AGGRESSIVE;
				CLANG_WARN_UNREACHABLE_CODE = YES;
				CLANG_WARN__DUPLICATE_METHOD_MATCH = YES;
				COPY_PHASE_STRIP = NO;
				DEBUG_INFORMATION_FORMAT = "dwarf-with-dsym";
				ENABLE_NS_ASSERTIONS = NO;
				ENABLE_STRICT_OBJC_MSGSEND = YES;
				ENABLE_USER_SCRIPT_SANDBOXING = YES;
				GCC_C_LANGUAGE_STANDARD = gnu17;
				GCC_NO_COMMON_BLOCKS = YES;
				GCC_WARN_64_TO_32_BIT_CONVERSION = YES;
				GCC_WARN_ABOUT_RETURN_TYPE = YES_ERROR;
				GCC_WARN_UNDECLARED_SELECTOR = YES;
				GCC_WARN_UNINITIALIZED_AUTOS = YES_AGGRESSIVE;
				GCC_WARN_UNUSED_FUNCTION = YES;
				GCC_WARN_UNUSED_VARIABLE = YES;
				LOCALIZATION_PREFERS_STRING_CATALOGS = YES;
				MACOSX_DEPLOYMENT_TARGET = 26.2;
				MTL_ENABLE_DEBUG_INFO = NO;
				MTL_FAST_MATH = YES;
				SDKROOT = macosx;
			};
			name = Release;
		};
		4A8676082EFC9D86002C7C83 /* Debug */ = {
			isa = XCBuildConfiguration;
			buildSettings = {
				CODE_SIGN_STYLE = Automatic;
				PRODUCT_NAME = "$(TARGET_NAME)";
			};
			name = Debug;
		};
		4A8676092EFC9D86002C7C83 /* Release */ = {
			isa = XCBuildConfiguration;
			buildSettings = {
				CODE_SIGN_STYLE = Automatic;
				PRODUCT_NAME = "$(TARGET_NAME)";
			};
			name = Release;
		};
/* End XCBuildConfiguration section */

/* Begin XCConfigurationList section */
		4A8675FB2EFC9D86002C7C83 /* Build configuration list for PBXProject "bronzesim-mac" */ = {
			isa = XCConfigurationList;
			buildConfigurations = (
				4A8676052EFC9D86002C7C83 /* Debug */,
				4A8676062EFC9D86002C7C83 /* Release */,
			);
			defaultConfigurationIsVisible = 0;
			defaultConfigurationName = Release;
		};
		4A8676072EFC9D86002C7C83 /* Build configuration list for PBXNativeTarget "bronzesim-mac" */ = {
			isa = XCConfigurationList;
			buildConfigurations = (
				4A8676082EFC9D86002C7C83 /* Debug */,
				4A8676092EFC9D86002C7C83 /* Release */,
			);
			defaultConfigurationIsVisible = 0;
			defaultConfigurationName = Release;
		};
/* End XCConfigurationList section */
	};
	rootObject = 4A8675F82EFC9D86002C7C83 /* Project object */;
}
